
Microsoft Visual Studio Solution File, Format Version 12.00
# Visual Studio Version 16
VisualStudioVersion = 16.0.31624.102
MinimumVisualStudioVersion = 10.0.40219.1
Project("{FAE04EC0-301F-11D3-BF4B-00C04F79EFBC}") = "Hitaya.DAL", "Hitaya.DAL\Hitaya.DAL.csproj", "{E0647BF8-9CBE-4968-8204-FD0C556736D1}"
EndProject
Project("{FAE04EC0-301F-11D3-BF4B-00C04F79EFBC}") = "Hitaya.ServiceLayer", "Hitaya.ServiceLayer\Hitaya.ServiceLayer.csproj", "{32003C71-444B-4439-AED1-388DC8BB8278}"
EndProject
Global
	GlobalSection(SolutionConfigurationPlatforms) = preSolution
		Debug|Any CPU = Debug|Any CPU
		Release|Any CPU = Release|Any CPU
	EndGlobalSection
	GlobalSection(ProjectConfigurationPlatforms) = postSolution
		{E0647BF8-9CBE-4968-8204-FD0C556736D1}.Debug|Any CPU.ActiveCfg = Debug|Any CPU
		{E0647BF8-9CBE-4968-8204-FD0C556736D1}.Debug|Any CPU.Build.0 = Debug|Any CPU
		{E0647BF8-9CBE-4968-8204-FD0C556736D1}.Release|Any CPU.ActiveCfg = Release|Any CPU
		{E0647BF8-9CBE-4968-8204-FD0C556736D1}.Release|Any CPU.Build.0 = Release|Any CPU
		{32003C71-444B-4439-AED1-388DC8BB8278}.Debug|Any CPU.ActiveCfg = Debug|Any CPU
		{32003C71-444B-4439-AED1-388DC8BB8278}.Debug|Any CPU.Build.0 = Debug|Any CPU
		{32003C71-444B-4439-AED1-388DC8BB8278}.Release|Any CPU.ActiveCfg = Release|Any CPU
		{32003C71-444B-4439-AED1-388DC8BB8278}.Release|Any CPU.Build.0 = Release|Any CPU
	EndGlobalSection
	GlobalSection(SolutionProperties) = preSolution
		HideSolutionNode = FALSE
	EndGlobalSection
	GlobalSection(ExtensibilityGlobals) = postSolution
		SolutionGuid = {0CD253AA-CD8B-4231-98B6-120483629658}
	EndGlobalSection
EndGlobal
